
Microsoft Visual Studio Solution File, Format Version 12.00
# Visual Studio Version 16
VisualStudioVersion = 16.0.32413.511
MinimumVisualStudioVersion = 10.0.40219.1
Project("{2150E333-8FDC-42A3-9474-1A3956D46DE8}") = "Services", "Services", "{CA988D9D-F9AF-4BD2-8405-D1E51196880A}"
EndProject
Project("{2150E333-8FDC-42A3-9474-1A3956D46DE8}") = "Catalog", "Catalog", "{6FAA9BA4-7A54-4306-A260-662926D62AFA}"
EndProject
Project("{FAE04EC0-301F-11D3-BF4B-00C04F79EFBC}") = "Catalog.API", "Services\Catalog\Catalog.API\Catalog.API.csproj", "{B5069148-FFB2-40D8-B863-DFA209DC1225}"
EndProject
Global
	GlobalSection(SolutionConfigurationPlatforms) = preSolution
		Debug|Any CPU = Debug|Any CPU
		Release|Any CPU = Release|Any CPU
	EndGlobalSection
	GlobalSection(ProjectConfigurationPlatforms) = postSolution
		{B5069148-FFB2-40D8-B863-DFA209DC1225}.Debug|Any CPU.ActiveCfg = Debug|Any CPU
		{B5069148-FFB2-40D8-B863-DFA209DC1225}.Debug|Any CPU.Build.0 = Debug|Any CPU
		{B5069148-FFB2-40D8-B863-DFA209DC1225}.Release|Any CPU.ActiveCfg = Release|Any CPU
		{B5069148-FFB2-40D8-B863-DFA209DC1225}.Release|Any CPU.Build.0 = Release|Any CPU
	EndGlobalSection
	GlobalSection(SolutionProperties) = preSolution
		HideSolutionNode = FALSE
	EndGlobalSection
	GlobalSection(NestedProjects) = preSolution
		{6FAA9BA4-7A54-4306-A260-662926D62AFA} = {CA988D9D-F9AF-4BD2-8405-D1E51196880A}
		{B5069148-FFB2-40D8-B863-DFA209DC1225} = {6FAA9BA4-7A54-4306-A260-662926D62AFA}
	EndGlobalSection
	GlobalSection(ExtensibilityGlobals) = postSolution
		SolutionGuid = {C06A205C-D478-47E0-8E28-4E62F70A6CDF}
	EndGlobalSection
EndGlobal
